
Microsoft Visual Studio Solution File, Format Version 12.00
# Visual Studio Version 17
VisualStudioVersion = 17.7.34009.444
MinimumVisualStudioVersion = 10.0.40219.1
Project("{FAE04EC0-301F-11D3-BF4B-00C04F79EFBC}") = "dynamic_matrix", "dynamic_matrix\dynamic_matrix.csproj", "{B173886B-2631-4B63-9C1B-8B3A57752B58}"
EndProject
Global
	GlobalSection(SolutionConfigurationPlatforms) = preSolution
		Debug|Any CPU = Debug|Any CPU
		Release|Any CPU = Release|Any CPU
	EndGlobalSection
	GlobalSection(ProjectConfigurationPlatforms) = postSolution
		{B173886B-2631-4B63-9C1B-8B3A57752B58}.Debug|Any CPU.ActiveCfg = Debug|Any CPU
		{B173886B-2631-4B63-9C1B-8B3A57752B58}.Debug|Any CPU.Build.0 = Debug|Any CPU
		{B173886B-2631-4B63-9C1B-8B3A57752B58}.Release|Any CPU.ActiveCfg = Release|Any CPU
		{B173886B-2631-4B63-9C1B-8B3A57752B58}.Release|Any CPU.Build.0 = Release|Any CPU
	EndGlobalSection
	GlobalSection(SolutionProperties) = preSolution
		HideSolutionNode = FALSE
	EndGlobalSection
	GlobalSection(ExtensibilityGlobals) = postSolution
		SolutionGuid = {560F55D8-592D-43B8-8EA9-9F887768A693}
	EndGlobalSection
EndGlobal
